
Microsoft Visual Studio Solution File, Format Version 12.00
# Visual Studio 15
VisualStudioVersion = 15.0.28307.1300
MinimumVisualStudioVersion = 10.0.40219.1
Project("{8BC9CEB8-8B4A-11D0-8D11-00A0C91BC942}") = "C++11_Basics", "C++11_Basics\C++11_Basics.vcxproj", "{7C484CA7-974A-47C2-A341-6372CC728EC8}"
EndProject
Project("{8BC9CEB8-8B4A-11D0-8D11-00A0C91BC942}") = "smart_pointers", "smart_pointers\smart_pointers.vcxproj", "{9B7CCB3E-2A21-4493-A1EB-F15FCB1C9796}"
EndProject
Project("{8BC9CEB8-8B4A-11D0-8D11-00A0C91BC942}") = "Lambda_Exp", "Lambda_Exp\Lambda_Exp.vcxproj", "{66F3FD93-A651-4842-85D3-A0688FFFADC1}"
EndProject
Global
	GlobalSection(SolutionConfigurationPlatforms) = preSolution
		Debug|x64 = Debug|x64
		Debug|x86 = Debug|x86
		Release|x64 = Release|x64
		Release|x86 = Release|x86
	EndGlobalSection
	GlobalSection(ProjectConfigurationPlatforms) = postSolution
		{7C484CA7-974A-47C2-A341-6372CC728EC8}.Debug|x64.ActiveCfg = Debug|x64
		{7C484CA7-974A-47C2-A341-6372CC728EC8}.Debug|x64.Build.0 = Debug|x64
		{7C484CA7-974A-47C2-A341-6372CC728EC8}.Debug|x86.ActiveCfg = Debug|Win32
		{7C484CA7-974A-47C2-A341-6372CC728EC8}.Debug|x86.Build.0 = Debug|Win32
		{7C484CA7-974A-47C2-A341-6372CC728EC8}.Release|x64.ActiveCfg = Release|x64
		{7C484CA7-974A-47C2-A341-6372CC728EC8}.Release|x64.Build.0 = Release|x64
		{7C484CA7-974A-47C2-A341-6372CC728EC8}.Release|x86.ActiveCfg = Release|Win32
		{7C484CA7-974A-47C2-A341-6372CC728EC8}.Release|x86.Build.0 = Release|Win32
		{9B7CCB3E-2A21-4493-A1EB-F15FCB1C9796}.Debug|x64.ActiveCfg = Debug|x64
		{9B7CCB3E-2A21-4493-A1EB-F15FCB1C9796}.Debug|x64.Build.0 = Debug|x64
		{9B7CCB3E-2A21-4493-A1EB-F15FCB1C9796}.Debug|x86.ActiveCfg = Debug|Win32
		{9B7CCB3E-2A21-4493-A1EB-F15FCB1C9796}.Debug|x86.Build.0 = Debug|Win32
		{9B7CCB3E-2A21-4493-A1EB-F15FCB1C9796}.Release|x64.ActiveCfg = Release|x64
		{9B7CCB3E-2A21-4493-A1EB-F15FCB1C9796}.Release|x64.Build.0 = Release|x64
		{9B7CCB3E-2A21-4493-A1EB-F15FCB1C9796}.Release|x86.ActiveCfg = Release|Win32
		{9B7CCB3E-2A21-4493-A1EB-F15FCB1C9796}.Release|x86.Build.0 = Release|Win32
		{66F3FD93-A651-4842-85D3-A0688FFFADC1}.Debug|x64.ActiveCfg = Debug|x64
		{66F3FD93-A651-4842-85D3-A0688FFFADC1}.Debug|x64.Build.0 = Debug|x64
		{66F3FD93-A651-4842-85D3-A0688FFFADC1}.Debug|x86.ActiveCfg = Debug|Win32
		{66F3FD93-A651-4842-85D3-A0688FFFADC1}.Debug|x86.Build.0 = Debug|Win32
		{66F3FD93-A651-4842-85D3-A0688FFFADC1}.Release|x64.ActiveCfg = Release|x64
		{66F3FD93-A651-4842-85D3-A0688FFFADC1}.Release|x64.Build.0 = Release|x64
		{66F3FD93-A651-4842-85D3-A0688FFFADC1}.Release|x86.ActiveCfg = Release|Win32
		{66F3FD93-A651-4842-85D3-A0688FFFADC1}.Release|x86.Build.0 = Release|Win32
	EndGlobalSection
	GlobalSection(SolutionProperties) = preSolution
		HideSolutionNode = FALSE
	EndGlobalSection
	GlobalSection(ExtensibilityGlobals) = postSolution
		SolutionGuid = {1D0188F0-FAA6-4C9E-A841-C0A1F76E622D}
	EndGlobalSection
EndGlobal
