
Microsoft Visual Studio Solution File, Format Version 12.00
# Visual Studio Version 16
VisualStudioVersion = 16.0.32802.440
MinimumVisualStudioVersion = 10.0.40219.1
Project("{8BC9CEB8-8B4A-11D0-8D11-00A0C91BC942}") = "Excersize", "Excersize\Excersize.vcxproj", "{BE1DCD4D-B648-43CD-988C-A582644CB841}"
EndProject
Global
	GlobalSection(SolutionConfigurationPlatforms) = preSolution
		Debug|x64 = Debug|x64
		Debug|x86 = Debug|x86
		Release|x64 = Release|x64
		Release|x86 = Release|x86
	EndGlobalSection
	GlobalSection(ProjectConfigurationPlatforms) = postSolution
		{BE1DCD4D-B648-43CD-988C-A582644CB841}.Debug|x64.ActiveCfg = Debug|x64
		{BE1DCD4D-B648-43CD-988C-A582644CB841}.Debug|x64.Build.0 = Debug|x64
		{BE1DCD4D-B648-43CD-988C-A582644CB841}.Debug|x86.ActiveCfg = Debug|Win32
		{BE1DCD4D-B648-43CD-988C-A582644CB841}.Debug|x86.Build.0 = Debug|Win32
		{BE1DCD4D-B648-43CD-988C-A582644CB841}.Release|x64.ActiveCfg = Release|x64
		{BE1DCD4D-B648-43CD-988C-A582644CB841}.Release|x64.Build.0 = Release|x64
		{BE1DCD4D-B648-43CD-988C-A582644CB841}.Release|x86.ActiveCfg = Release|Win32
		{BE1DCD4D-B648-43CD-988C-A582644CB841}.Release|x86.Build.0 = Release|Win32
	EndGlobalSection
	GlobalSection(SolutionProperties) = preSolution
		HideSolutionNode = FALSE
	EndGlobalSection
	GlobalSection(ExtensibilityGlobals) = postSolution
		SolutionGuid = {AAC3E63C-982E-43F4-8BA2-5E207F9E2FED}
	EndGlobalSection
EndGlobal
