
Microsoft Visual Studio Solution File, Format Version 12.00
# Visual Studio 15
VisualStudioVersion = 15.0.28307.1500
MinimumVisualStudioVersion = 10.0.40219.1
Project("{888888A0-9F3D-457C-B088-3A5042F75D52}") = "PythonAdvance", "PythonAdvance\PythonAdvance.pyproj", "{40845ED8-1A92-42C6-8403-456BEB78C2EA}"
EndProject
Global
	GlobalSection(SolutionConfigurationPlatforms) = preSolution
		Debug|Any CPU = Debug|Any CPU
		Release|Any CPU = Release|Any CPU
	EndGlobalSection
	GlobalSection(ProjectConfigurationPlatforms) = postSolution
		{40845ED8-1A92-42C6-8403-456BEB78C2EA}.Debug|Any CPU.ActiveCfg = Debug|Any CPU
		{40845ED8-1A92-42C6-8403-456BEB78C2EA}.Release|Any CPU.ActiveCfg = Release|Any CPU
	EndGlobalSection
	GlobalSection(SolutionProperties) = preSolution
		HideSolutionNode = FALSE
	EndGlobalSection
	GlobalSection(ExtensibilityGlobals) = postSolution
		SolutionGuid = {A4C5201E-EC5A-47FF-B42E-CBD49C5A551C}
	EndGlobalSection
EndGlobal
